
Microsoft Visual Studio Solution File, Format Version 12.00
# Visual Studio Version 17
VisualStudioVersion = 17.9.34616.47
MinimumVisualStudioVersion = 10.0.40219.1
Project("{FAE04EC0-301F-11D3-BF4B-00C04F79EFBC}") = "DataBaseAccess", "DataBaseAccess\DataBaseAccess.csproj", "{98C29A9D-233F-4EB1-8AEA-9D08F77652A4}"
EndProject
Project("{FAE04EC0-301F-11D3-BF4B-00C04F79EFBC}") = "ModelClasses", "ModelClasses\ModelClasses.csproj", "{663F7E73-09B6-4566-9613-08C12A51D2AA}"
EndProject
Project("{FAE04EC0-301F-11D3-BF4B-00C04F79EFBC}") = "E-CommerceWebApp", "E-CommerceWebApp\E-CommerceWebApp.csproj", "{F87AFACE-E77C-4136-9FCD-690FEBF7BE70}"
EndProject
Global
	GlobalSection(SolutionConfigurationPlatforms) = preSolution
		Debug|Any CPU = Debug|Any CPU
		Release|Any CPU = Release|Any CPU
	EndGlobalSection
	GlobalSection(ProjectConfigurationPlatforms) = postSolution
		{98C29A9D-233F-4EB1-8AEA-9D08F77652A4}.Debug|Any CPU.ActiveCfg = Debug|Any CPU
		{98C29A9D-233F-4EB1-8AEA-9D08F77652A4}.Debug|Any CPU.Build.0 = Debug|Any CPU
		{98C29A9D-233F-4EB1-8AEA-9D08F77652A4}.Release|Any CPU.ActiveCfg = Release|Any CPU
		{98C29A9D-233F-4EB1-8AEA-9D08F77652A4}.Release|Any CPU.Build.0 = Release|Any CPU
		{663F7E73-09B6-4566-9613-08C12A51D2AA}.Debug|Any CPU.ActiveCfg = Debug|Any CPU
		{663F7E73-09B6-4566-9613-08C12A51D2AA}.Debug|Any CPU.Build.0 = Debug|Any CPU
		{663F7E73-09B6-4566-9613-08C12A51D2AA}.Release|Any CPU.ActiveCfg = Release|Any CPU
		{663F7E73-09B6-4566-9613-08C12A51D2AA}.Release|Any CPU.Build.0 = Release|Any CPU
		{F87AFACE-E77C-4136-9FCD-690FEBF7BE70}.Debug|Any CPU.ActiveCfg = Debug|Any CPU
		{F87AFACE-E77C-4136-9FCD-690FEBF7BE70}.Debug|Any CPU.Build.0 = Debug|Any CPU
		{F87AFACE-E77C-4136-9FCD-690FEBF7BE70}.Release|Any CPU.ActiveCfg = Release|Any CPU
		{F87AFACE-E77C-4136-9FCD-690FEBF7BE70}.Release|Any CPU.Build.0 = Release|Any CPU
	EndGlobalSection
	GlobalSection(SolutionProperties) = preSolution
		HideSolutionNode = FALSE
	EndGlobalSection
	GlobalSection(ExtensibilityGlobals) = postSolution
		SolutionGuid = {576AACED-1D08-4D7B-901B-E8546370A8F0}
	EndGlobalSection
EndGlobal
